
Microsoft Visual Studio Solution File, Format Version 12.00
# Visual Studio Version 17
VisualStudioVersion = 17.10.35122.118
MinimumVisualStudioVersion = 10.0.40219.1
Project("{FAE04EC0-301F-11D3-BF4B-00C04F79EFBC}") = "TestProject1.Test", "TestProject1\TestProject1.Test.csproj", "{FD5B3F02-AB02-4572-9295-4A90BFE85533}"
EndProject
Project("{FAE04EC0-301F-11D3-BF4B-00C04F79EFBC}") = "TestProject1", "Testproject\TestProject1.csproj", "{6CCE38BB-F9FE-440E-B114-BB1DF44AD1F2}"
EndProject
Global
	GlobalSection(SolutionConfigurationPlatforms) = preSolution
		Debug|Any CPU = Debug|Any CPU
		Release|Any CPU = Release|Any CPU
	EndGlobalSection
	GlobalSection(ProjectConfigurationPlatforms) = postSolution
		{FD5B3F02-AB02-4572-9295-4A90BFE85533}.Debug|Any CPU.ActiveCfg = Debug|Any CPU
		{FD5B3F02-AB02-4572-9295-4A90BFE85533}.Debug|Any CPU.Build.0 = Debug|Any CPU
		{FD5B3F02-AB02-4572-9295-4A90BFE85533}.Release|Any CPU.ActiveCfg = Release|Any CPU
		{FD5B3F02-AB02-4572-9295-4A90BFE85533}.Release|Any CPU.Build.0 = Release|Any CPU
		{6CCE38BB-F9FE-440E-B114-BB1DF44AD1F2}.Debug|Any CPU.ActiveCfg = Debug|Any CPU
		{6CCE38BB-F9FE-440E-B114-BB1DF44AD1F2}.Debug|Any CPU.Build.0 = Debug|Any CPU
		{6CCE38BB-F9FE-440E-B114-BB1DF44AD1F2}.Release|Any CPU.ActiveCfg = Release|Any CPU
		{6CCE38BB-F9FE-440E-B114-BB1DF44AD1F2}.Release|Any CPU.Build.0 = Release|Any CPU
	EndGlobalSection
	GlobalSection(SolutionProperties) = preSolution
		HideSolutionNode = FALSE
	EndGlobalSection
	GlobalSection(ExtensibilityGlobals) = postSolution
		SolutionGuid = {0C89D4B6-0E36-4F60-8FE2-2CE2185FF3AF}
	EndGlobalSection
EndGlobal
